{
  "name": "llama",
  "version": "1.0.0",
  "lockfileVersion": 3,
  "requires": true,
  "packages": {
    "": {
      "name": "llama",
      "version": "1.0.0",
      "license": "ISC",
      "dependencies": {
        "dotenv": "^16.3.1",
        "fs": "^0.0.1-security",
        "replicate": "^0.21.1"
      }
    },
    "node_modules/dotenv": {
      "version": "16.3.1",
      "resolved": "https://registry.npmjs.org/dotenv/-/dotenv-16.3.1.tgz",
      "integrity": "sha512-IPzF4w4/Rd94bA9imS68tZBaYyBWSCE47V1RGuMrB94iyTOIEwRmVL2x/4An+6mETpLrKJ5hQkB8W4kFAadeIQ==",
      "engines": {
        "node": ">=12"
      },
      "funding": {
        "url": "https://github.com/motdotla/dotenv?sponsor=1"
      }
    },
    "node_modules/fs": {
      "version": "0.0.1-security",
      "resolved": "https://registry.npmjs.org/fs/-/fs-0.0.1-security.tgz",
      "integrity": "sha512-3XY9e1pP0CVEUCdj5BmfIZxRBTSDycnbqhIOGec9QYtmVH2fbLpj86CFWkrNOkt/Fvty4KZG5lTglL9j/gJ87w=="
    },
    "node_modules/replicate": {
      "version": "0.21.1",
      "resolved": "https://registry.npmjs.org/replicate/-/replicate-0.21.1.tgz",
      "integrity": "sha512-ftR416+tuD55u6Rz0s5QsxoC2ZasslyFg9jxytirPhqFQwTQy9arU0vF29811t4iws8cMc+neL0IUzyq0pFlkQ==",
      "engines": {
        "git": ">=2.11.0",
        "node": ">=18.0.0",
        "npm": ">=7.19.0",
        "yarn": ">=1.7.0"
      }
    }
  }
}
